
Microsoft Visual Studio Solution File, Format Version 12.00
# Visual Studio Version 17
VisualStudioVersion = 17.0.31903.59
MinimumVisualStudioVersion = 10.0.40219.1
Project("{FAE04EC0-301F-11D3-BF4B-00C04F79EFBC}") = "Almostengr.VideoProcessor.Domain", "Almostengr.VideoProcessor.Domain\Almostengr.VideoProcessor.Domain.csproj", "{AB18ED55-9B55-473F-A7D7-859995B7BC63}"
EndProject
Project("{FAE04EC0-301F-11D3-BF4B-00C04F79EFBC}") = "Almostengr.VideoProcessor.Infrastructure", "Almostengr.VideoProcessor.Infrastructure\Almostengr.VideoProcessor.Infrastructure.csproj", "{EDA0BE1C-486E-404D-842F-C93027F91346}"
EndProject
Project("{FAE04EC0-301F-11D3-BF4B-00C04F79EFBC}") = "Almostengr.VideoProcessor.Worker", "Almostengr.VideoProcessor.Worker\Almostengr.VideoProcessor.Worker.csproj", "{699F8779-99FA-4712-8296-B6AC0A62FAA6}"
EndProject
Global
	GlobalSection(SolutionConfigurationPlatforms) = preSolution
		Debug|Any CPU = Debug|Any CPU
		Release|Any CPU = Release|Any CPU
	EndGlobalSection
	GlobalSection(SolutionProperties) = preSolution
		HideSolutionNode = FALSE
	EndGlobalSection
	GlobalSection(ProjectConfigurationPlatforms) = postSolution
		{AB18ED55-9B55-473F-A7D7-859995B7BC63}.Debug|Any CPU.ActiveCfg = Debug|Any CPU
		{AB18ED55-9B55-473F-A7D7-859995B7BC63}.Debug|Any CPU.Build.0 = Debug|Any CPU
		{AB18ED55-9B55-473F-A7D7-859995B7BC63}.Release|Any CPU.ActiveCfg = Release|Any CPU
		{AB18ED55-9B55-473F-A7D7-859995B7BC63}.Release|Any CPU.Build.0 = Release|Any CPU
		{EDA0BE1C-486E-404D-842F-C93027F91346}.Debug|Any CPU.ActiveCfg = Debug|Any CPU
		{EDA0BE1C-486E-404D-842F-C93027F91346}.Debug|Any CPU.Build.0 = Debug|Any CPU
		{EDA0BE1C-486E-404D-842F-C93027F91346}.Release|Any CPU.ActiveCfg = Release|Any CPU
		{EDA0BE1C-486E-404D-842F-C93027F91346}.Release|Any CPU.Build.0 = Release|Any CPU
		{699F8779-99FA-4712-8296-B6AC0A62FAA6}.Debug|Any CPU.ActiveCfg = Debug|Any CPU
		{699F8779-99FA-4712-8296-B6AC0A62FAA6}.Debug|Any CPU.Build.0 = Debug|Any CPU
		{699F8779-99FA-4712-8296-B6AC0A62FAA6}.Release|Any CPU.ActiveCfg = Release|Any CPU
		{699F8779-99FA-4712-8296-B6AC0A62FAA6}.Release|Any CPU.Build.0 = Release|Any CPU
	EndGlobalSection
EndGlobal
